
Microsoft Visual Studio Solution File, Format Version 12.00
# Visual Studio Version 16
VisualStudioVersion = 16.0.31129.286
MinimumVisualStudioVersion = 10.0.40219.1
Project("{FAE04EC0-301F-11D3-BF4B-00C04F79EFBC}") = "BlogCore", "BlogCore\BlogCore.csproj", "{1295A0FE-DA2D-42E3-8837-2D77C5DC389B}"
EndProject
Project("{FAE04EC0-301F-11D3-BF4B-00C04F79EFBC}") = "BlogCore.AccesoDatos", "BlogCore.AccesoDatos\BlogCore.AccesoDatos.csproj", "{4C8B407A-75C5-47C0-AF0A-4904BA6FDF1A}"
EndProject
Project("{FAE04EC0-301F-11D3-BF4B-00C04F79EFBC}") = "BlogCore.Models", "BlogCore.Models\BlogCore.Models.csproj", "{3DFD8A54-BC52-489D-8387-6459F6CB401F}"
EndProject
Project("{FAE04EC0-301F-11D3-BF4B-00C04F79EFBC}") = "BlogCore.Utilidades", "BlogCore.Utilidades\BlogCore.Utilidades.csproj", "{DE86CB3E-59E6-4233-A2D1-794AA11A0DF0}"
EndProject
Global
	GlobalSection(SolutionConfigurationPlatforms) = preSolution
		Debug|Any CPU = Debug|Any CPU
		Release|Any CPU = Release|Any CPU
	EndGlobalSection
	GlobalSection(ProjectConfigurationPlatforms) = postSolution
		{1295A0FE-DA2D-42E3-8837-2D77C5DC389B}.Debug|Any CPU.ActiveCfg = Debug|Any CPU
		{1295A0FE-DA2D-42E3-8837-2D77C5DC389B}.Debug|Any CPU.Build.0 = Debug|Any CPU
		{1295A0FE-DA2D-42E3-8837-2D77C5DC389B}.Release|Any CPU.ActiveCfg = Release|Any CPU
		{1295A0FE-DA2D-42E3-8837-2D77C5DC389B}.Release|Any CPU.Build.0 = Release|Any CPU
		{4C8B407A-75C5-47C0-AF0A-4904BA6FDF1A}.Debug|Any CPU.ActiveCfg = Debug|Any CPU
		{4C8B407A-75C5-47C0-AF0A-4904BA6FDF1A}.Debug|Any CPU.Build.0 = Debug|Any CPU
		{4C8B407A-75C5-47C0-AF0A-4904BA6FDF1A}.Release|Any CPU.ActiveCfg = Release|Any CPU
		{4C8B407A-75C5-47C0-AF0A-4904BA6FDF1A}.Release|Any CPU.Build.0 = Release|Any CPU
		{3DFD8A54-BC52-489D-8387-6459F6CB401F}.Debug|Any CPU.ActiveCfg = Debug|Any CPU
		{3DFD8A54-BC52-489D-8387-6459F6CB401F}.Debug|Any CPU.Build.0 = Debug|Any CPU
		{3DFD8A54-BC52-489D-8387-6459F6CB401F}.Release|Any CPU.ActiveCfg = Release|Any CPU
		{3DFD8A54-BC52-489D-8387-6459F6CB401F}.Release|Any CPU.Build.0 = Release|Any CPU
		{DE86CB3E-59E6-4233-A2D1-794AA11A0DF0}.Debug|Any CPU.ActiveCfg = Debug|Any CPU
		{DE86CB3E-59E6-4233-A2D1-794AA11A0DF0}.Debug|Any CPU.Build.0 = Debug|Any CPU
		{DE86CB3E-59E6-4233-A2D1-794AA11A0DF0}.Release|Any CPU.ActiveCfg = Release|Any CPU
		{DE86CB3E-59E6-4233-A2D1-794AA11A0DF0}.Release|Any CPU.Build.0 = Release|Any CPU
	EndGlobalSection
	GlobalSection(SolutionProperties) = preSolution
		HideSolutionNode = FALSE
	EndGlobalSection
	GlobalSection(ExtensibilityGlobals) = postSolution
		SolutionGuid = {FD929AAD-451A-48D1-B84B-C85C9C34420D}
	EndGlobalSection
EndGlobal
